// !$*UTF8*$!
{
	archiveVersion = 1;
	classes = {
	};
	objectVersion = 56;
	objects = {

/* Begin PBXBuildFile section */
		55E6BDF32C1E2B3600FA2E64 /* DIYDoom.cpp in Sources */ = {isa = PBXBuildFile; fileRef = 55E6BDF22C1E2B3600FA2E64 /* DIYDoom.cpp */; };
		55FEA4D02C1DBCC800F9DCAC /* DoomEngine.cpp in Sources */ = {isa = PBXBuildFile; fileRef = 55FEA46D2C1DBCC800F9DCAC /* DoomEngine.cpp */; };
		55FEA4D22C1DBCC800F9DCAC /* Patch.cpp in Sources */ = {isa = PBXBuildFile; fileRef = 55FEA4752C1DBCC800F9DCAC /* Patch.cpp */; };
		55FEA4D32C1DBCC800F9DCAC /* ViewRenderer.cpp in Sources */ = {isa = PBXBuildFile; fileRef = 55FEA4782C1DBCC800F9DCAC /* ViewRenderer.cpp */; };
		55FEA4DA2C1DBCC800F9DCAC /* Map.cpp in Sources */ = {isa = PBXBuildFile; fileRef = 55FEA4C42C1DBCC800F9DCAC /* Map.cpp */; };
		55FEA4DB2C1DBCC800F9DCAC /* Texture.cpp in Sources */ = {isa = PBXBuildFile; fileRef = 55FEA4C82C1DBCC800F9DCAC /* Texture.cpp */; };
		55FEA6082C1DBDE500F9DCAC /* AudioToolbox.framework in Frameworks */ = {isa = PBXBuildFile; fileRef = 55FEA5F92C1DBDC200F9DCAC /* AudioToolbox.framework */; };
		55FEA6092C1DBDE500F9DCAC /* IOKit.framework in Frameworks */ = {isa = PBXBuildFile; fileRef = 55FEA5EE2C1DBDC200F9DCAC /* IOKit.framework */; };
		55FEA60A2C1DBDE500F9DCAC /* ForceFeedback.framework in Frameworks */ = {isa = PBXBuildFile; fileRef = 55FEA5ED2C1DBDC200F9DCAC /* ForceFeedback.framework */; };
		55FEA60B2C1DBDE500F9DCAC /* AudioUnit.framework in Frameworks */ = {isa = PBXBuildFile; fileRef = 55FEA5F82C1DBDC200F9DCAC /* AudioUnit.framework */; };
		55FEA60C2C1DBDE500F9DCAC /* Cocoa.framework in Frameworks */ = {isa = PBXBuildFile; fileRef = 55FEA5F72C1DBDC200F9DCAC /* Cocoa.framework */; };
		55FEA60D2C1DBDE500F9DCAC /* CoreGraphics.framework in Frameworks */ = {isa = PBXBuildFile; fileRef = 55FEA5EB2C1DBDC200F9DCAC /* CoreGraphics.framework */; };
		55FEA60E2C1DBDE500F9DCAC /* CoreHaptics.framework in Frameworks */ = {isa = PBXBuildFile; fileRef = 55FEA5F22C1DBDC200F9DCAC /* CoreHaptics.framework */; };
		55FEA60F2C1DBDE500F9DCAC /* Metal.framework in Frameworks */ = {isa = PBXBuildFile; fileRef = 55FEA5F42C1DBDC200F9DCAC /* Metal.framework */; };
		55FEA6102C1DBDE500F9DCAC /* Carbon.framework in Frameworks */ = {isa = PBXBuildFile; fileRef = 55FEA5F12C1DBDC200F9DCAC /* Carbon.framework */; };
		55FEA6112C1DBDE500F9DCAC /* MetalKit.framework in Frameworks */ = {isa = PBXBuildFile; fileRef = 55FEA5F32C1DBDC200F9DCAC /* MetalKit.framework */; };
		55FEA6122C1DBDE500F9DCAC /* CoreAudioKit.framework in Frameworks */ = {isa = PBXBuildFile; fileRef = 55FEA5F52C1DBDC200F9DCAC /* CoreAudioKit.framework */; };
		55FEA6132C1DBDE500F9DCAC /* CoreAudio.framework in Frameworks */ = {isa = PBXBuildFile; fileRef = 55FEA5F02C1DBDC200F9DCAC /* CoreAudio.framework */; };
		55FEA6142C1DBDE500F9DCAC /* CoreVideo.framework in Frameworks */ = {isa = PBXBuildFile; fileRef = 55FEA5EC2C1DBDC200F9DCAC /* CoreVideo.framework */; };
		55FEA6152C1DBDE500F9DCAC /* GameController.framework in Frameworks */ = {isa = PBXBuildFile; fileRef = 55FEA5EF2C1DBDC200F9DCAC /* GameController.framework */; };
		55FEA6162C1DBDF600F9DCAC /* libSDL2.a in Frameworks */ = {isa = PBXBuildFile; fileRef = 55FEA47B2C1DBCC800F9DCAC /* libSDL2.a */; };
/* End PBXBuildFile section */

/* Begin PBXCopyFilesBuildPhase section */
		55FEA45E2C1DBCB400F9DCAC /* CopyFiles */ = {
			isa = PBXCopyFilesBuildPhase;
			buildActionMask = 2147483647;
			dstPath = /usr/share/man/man1/;
			dstSubfolderSpec = 0;
			files = (
			);
			runOnlyForDeploymentPostprocessing = 1;
		};
/* End PBXCopyFilesBuildPhase section */

/* Begin PBXFileReference section */
		550FCA3A2C1FA00E00FDF6B7 /* Flat.hpp */ = {isa = PBXFileReference; lastKnownFileType = sourcecode.cpp.h; path = Flat.hpp; sourceTree = SOURCE_ROOT; };
		55E6BDF22C1E2B3600FA2E64 /* DIYDoom.cpp */ = {isa = PBXFileReference; fileEncoding = 4; lastKnownFileType = sourcecode.cpp.cpp; path = DIYDoom.cpp; sourceTree = SOURCE_ROOT; };
		55FEA4602C1DBCB400F9DCAC /* DIYDoom */ = {isa = PBXFileReference; explicitFileType = "compiled.mach-o.executable"; includeInIndex = 0; path = DIYDoom; sourceTree = BUILT_PRODUCTS_DIR; };
		55FEA46A2C1DBCC800F9DCAC /* Patch.h */ = {isa = PBXFileReference; fileEncoding = 4; lastKnownFileType = sourcecode.c.h; path = Patch.h; sourceTree = SOURCE_ROOT; };
		55FEA46D2C1DBCC800F9DCAC /* DoomEngine.cpp */ = {isa = PBXFileReference; fileEncoding = 4; lastKnownFileType = sourcecode.cpp.cpp; path = DoomEngine.cpp; sourceTree = SOURCE_ROOT; };
		55FEA46F2C1DBCC800F9DCAC /* DoomEngine.h */ = {isa = PBXFileReference; fileEncoding = 4; lastKnownFileType = sourcecode.c.h; path = DoomEngine.h; sourceTree = SOURCE_ROOT; };
		55FEA4732C1DBCC800F9DCAC /* ViewRenderer.h */ = {isa = PBXFileReference; fileEncoding = 4; lastKnownFileType = sourcecode.c.h; path = ViewRenderer.h; sourceTree = SOURCE_ROOT; };
		55FEA4752C1DBCC800F9DCAC /* Patch.cpp */ = {isa = PBXFileReference; fileEncoding = 4; lastKnownFileType = sourcecode.cpp.cpp; path = Patch.cpp; sourceTree = SOURCE_ROOT; };
		55FEA4762C1DBCC800F9DCAC /* Texture.h */ = {isa = PBXFileReference; fileEncoding = 4; lastKnownFileType = sourcecode.c.h; path = Texture.h; sourceTree = SOURCE_ROOT; };
		55FEA4782C1DBCC800F9DCAC /* ViewRenderer.cpp */ = {isa = PBXFileReference; fileEncoding = 4; lastKnownFileType = sourcecode.cpp.cpp; path = ViewRenderer.cpp; sourceTree = SOURCE_ROOT; };
		55FEA4792C1DBCC800F9DCAC /* begin_code.h */ = {isa = PBXFileReference; fileEncoding = 4; lastKnownFileType = sourcecode.c.h; path = begin_code.h; sourceTree = "<group>"; };
		55FEA47A2C1DBCC800F9DCAC /* close_code.h */ = {isa = PBXFileReference; fileEncoding = 4; lastKnownFileType = sourcecode.c.h; path = close_code.h; sourceTree = "<group>"; };
		55FEA47B2C1DBCC800F9DCAC /* libSDL2.a */ = {isa = PBXFileReference; lastKnownFileType = archive.ar; path = libSDL2.a; sourceTree = "<group>"; };
		55FEA47C2C1DBCC800F9DCAC /* SDL_assert.h */ = {isa = PBXFileReference; fileEncoding = 4; lastKnownFileType = sourcecode.c.h; path = SDL_assert.h; sourceTree = "<group>"; };
		55FEA47D2C1DBCC800F9DCAC /* SDL_atomic.h */ = {isa = PBXFileReference; fileEncoding = 4; lastKnownFileType = sourcecode.c.h; path = SDL_atomic.h; sourceTree = "<group>"; };
		55FEA47E2C1DBCC800F9DCAC /* SDL_audio.h */ = {isa = PBXFileReference; fileEncoding = 4; lastKnownFileType = sourcecode.c.h; path = SDL_audio.h; sourceTree = "<group>"; };
		55FEA47F2C1DBCC800F9DCAC /* SDL_bits.h */ = {isa = PBXFileReference; fileEncoding = 4; lastKnownFileType = sourcecode.c.h; path = SDL_bits.h; sourceTree = "<group>"; };
		55FEA4802C1DBCC800F9DCAC /* SDL_blendmode.h */ = {isa = PBXFileReference; fileEncoding = 4; lastKnownFileType = sourcecode.c.h; path = SDL_blendmode.h; sourceTree = "<group>"; };
		55FEA4812C1DBCC800F9DCAC /* SDL_clipboard.h */ = {isa = PBXFileReference; fileEncoding = 4; lastKnownFileType = sourcecode.c.h; path = SDL_clipboard.h; sourceTree = "<group>"; };
		55FEA4822C1DBCC800F9DCAC /* SDL_config_macosx.h */ = {isa = PBXFileReference; fileEncoding = 4; lastKnownFileType = sourcecode.c.h; path = SDL_config_macosx.h; sourceTree = "<group>"; };
		55FEA4832C1DBCC800F9DCAC /* SDL_config.h */ = {isa = PBXFileReference; fileEncoding = 4; lastKnownFileType = sourcecode.c.h; path = SDL_config.h; sourceTree = "<group>"; };
		55FEA4842C1DBCC800F9DCAC /* SDL_copying.h */ = {isa = PBXFileReference; fileEncoding = 4; lastKnownFileType = sourcecode.c.h; path = SDL_copying.h; sourceTree = "<group>"; };
		55FEA4852C1DBCC800F9DCAC /* SDL_cpuinfo.h */ = {isa = PBXFileReference; fileEncoding = 4; lastKnownFileType = sourcecode.c.h; path = SDL_cpuinfo.h; sourceTree = "<group>"; };
		55FEA4862C1DBCC800F9DCAC /* SDL_endian.h */ = {isa = PBXFileReference; fileEncoding = 4; lastKnownFileType = sourcecode.c.h; path = SDL_endian.h; sourceTree = "<group>"; };
		55FEA4872C1DBCC800F9DCAC /* SDL_error.h */ = {isa = PBXFileReference; fileEncoding = 4; lastKnownFileType = sourcecode.c.h; path = SDL_error.h; sourceTree = "<group>"; };
		55FEA4882C1DBCC800F9DCAC /* SDL_events.h */ = {isa = PBXFileReference; fileEncoding = 4; lastKnownFileType = sourcecode.c.h; path = SDL_events.h; sourceTree = "<group>"; };
		55FEA4892C1DBCC800F9DCAC /* SDL_filesystem.h */ = {isa = PBXFileReference; fileEncoding = 4; lastKnownFileType = sourcecode.c.h; path = SDL_filesystem.h; sourceTree = "<group>"; };
		55FEA48A2C1DBCC800F9DCAC /* SDL_gamecontroller.h */ = {isa = PBXFileReference; fileEncoding = 4; lastKnownFileType = sourcecode.c.h; path = SDL_gamecontroller.h; sourceTree = "<group>"; };
		55FEA48B2C1DBCC800F9DCAC /* SDL_gesture.h */ = {isa = PBXFileReference; fileEncoding = 4; lastKnownFileType = sourcecode.c.h; path = SDL_gesture.h; sourceTree = "<group>"; };
		55FEA48C2C1DBCC800F9DCAC /* SDL_guid.h */ = {isa = PBXFileReference; fileEncoding = 4; lastKnownFileType = sourcecode.c.h; path = SDL_guid.h; sourceTree = "<group>"; };
		55FEA48D2C1DBCC800F9DCAC /* SDL_haptic.h */ = {isa = PBXFileReference; fileEncoding = 4; lastKnownFileType = sourcecode.c.h; path = SDL_haptic.h; sourceTree = "<group>"; };
		55FEA48E2C1DBCC800F9DCAC /* SDL_hidapi.h */ = {isa = PBXFileReference; fileEncoding = 4; lastKnownFileType = sourcecode.c.h; path = SDL_hidapi.h; sourceTree = "<group>"; };
		55FEA48F2C1DBCC800F9DCAC /* SDL_hints.h */ = {isa = PBXFileReference; fileEncoding = 4; lastKnownFileType = sourcecode.c.h; path = SDL_hints.h; sourceTree = "<group>"; };
		55FEA4902C1DBCC800F9DCAC /* SDL_joystick.h */ = {isa = PBXFileReference; fileEncoding = 4; lastKnownFileType = sourcecode.c.h; path = SDL_joystick.h; sourceTree = "<group>"; };
		55FEA4912C1DBCC800F9DCAC /* SDL_keyboard.h */ = {isa = PBXFileReference; fileEncoding = 4; lastKnownFileType = sourcecode.c.h; path = SDL_keyboard.h; sourceTree = "<group>"; };
		55FEA4922C1DBCC800F9DCAC /* SDL_keycode.h */ = {isa = PBXFileReference; fileEncoding = 4; lastKnownFileType = sourcecode.c.h; path = SDL_keycode.h; sourceTree = "<group>"; };
		55FEA4932C1DBCC800F9DCAC /* SDL_loadso.h */ = {isa = PBXFileReference; fileEncoding = 4; lastKnownFileType = sourcecode.c.h; path = SDL_loadso.h; sourceTree = "<group>"; };
		55FEA4942C1DBCC800F9DCAC /* SDL_locale.h */ = {isa = PBXFileReference; fileEncoding = 4; lastKnownFileType = sourcecode.c.h; path = SDL_locale.h; sourceTree = "<group>"; };
		55FEA4952C1DBCC800F9DCAC /* SDL_log.h */ = {isa = PBXFileReference; fileEncoding = 4; lastKnownFileType = sourcecode.c.h; path = SDL_log.h; sourceTree = "<group>"; };
		55FEA4962C1DBCC800F9DCAC /* SDL_main.h */ = {isa = PBXFileReference; fileEncoding = 4; lastKnownFileType = sourcecode.c.h; path = SDL_main.h; sourceTree = "<group>"; };
		55FEA4972C1DBCC800F9DCAC /* SDL_messagebox.h */ = {isa = PBXFileReference; fileEncoding = 4; lastKnownFileType = sourcecode.c.h; path = SDL_messagebox.h; sourceTree = "<group>"; };
		55FEA4982C1DBCC800F9DCAC /* SDL_metal.h */ = {isa = PBXFileReference; fileEncoding = 4; lastKnownFileType = sourcecode.c.h; path = SDL_metal.h; sourceTree = "<group>"; };
		55FEA4992C1DBCC800F9DCAC /* SDL_misc.h */ = {isa = PBXFileReference; fileEncoding = 4; lastKnownFileType = sourcecode.c.h; path = SDL_misc.h; sourceTree = "<group>"; };
		55FEA49A2C1DBCC800F9DCAC /* SDL_mouse.h */ = {isa = PBXFileReference; fileEncoding = 4; lastKnownFileType = sourcecode.c.h; path = SDL_mouse.h; sourceTree = "<group>"; };
		55FEA49B2C1DBCC800F9DCAC /* SDL_mutex.h */ = {isa = PBXFileReference; fileEncoding = 4; lastKnownFileType = sourcecode.c.h; path = SDL_mutex.h; sourceTree = "<group>"; };
		55FEA49C2C1DBCC800F9DCAC /* SDL_name.h */ = {isa = PBXFileReference; fileEncoding = 4; lastKnownFileType = sourcecode.c.h; path = SDL_name.h; sourceTree = "<group>"; };
		55FEA49D2C1DBCC800F9DCAC /* SDL_opengl_glext.h */ = {isa = PBXFileReference; fileEncoding = 4; lastKnownFileType = sourcecode.c.h; path = SDL_opengl_glext.h; sourceTree = "<group>"; };
		55FEA49E2C1DBCC800F9DCAC /* SDL_opengl.h */ = {isa = PBXFileReference; fileEncoding = 4; lastKnownFileType = sourcecode.c.h; path = SDL_opengl.h; sourceTree = "<group>"; };
		55FEA49F2C1DBCC800F9DCAC /* SDL_opengles.h */ = {isa = PBXFileReference; fileEncoding = 4; lastKnownFileType = sourcecode.c.h; path = SDL_opengles.h; sourceTree = "<group>"; };
		55FEA4A02C1DBCC800F9DCAC /* SDL_opengles2_gl2.h */ = {isa = PBXFileReference; fileEncoding = 4; lastKnownFileType = sourcecode.c.h; path = SDL_opengles2_gl2.h; sourceTree = "<group>"; };
		55FEA4A12C1DBCC800F9DCAC /* SDL_opengles2_gl2ext.h */ = {isa = PBXFileReference; fileEncoding = 4; lastKnownFileType = sourcecode.c.h; path = SDL_opengles2_gl2ext.h; sourceTree = "<group>"; };
		55FEA4A22C1DBCC800F9DCAC /* SDL_opengles2_gl2platform.h */ = {isa = PBXFileReference; fileEncoding = 4; lastKnownFileType = sourcecode.c.h; path = SDL_opengles2_gl2platform.h; sourceTree = "<group>"; };
		55FEA4A32C1DBCC800F9DCAC /* SDL_opengles2_khrplatform.h */ = {isa = PBXFileReference; fileEncoding = 4; lastKnownFileType = sourcecode.c.h; path = SDL_opengles2_khrplatform.h; sourceTree = "<group>"; };
		55FEA4A42C1DBCC800F9DCAC /* SDL_opengles2.h */ = {isa = PBXFileReference; fileEncoding = 4; lastKnownFileType = sourcecode.c.h; path = SDL_opengles2.h; sourceTree = "<group>"; };
		55FEA4A52C1DBCC800F9DCAC /* SDL_pixels.h */ = {isa = PBXFileReference; fileEncoding = 4; lastKnownFileType = sourcecode.c.h; path = SDL_pixels.h; sourceTree = "<group>"; };
		55FEA4A62C1DBCC800F9DCAC /* SDL_platform.h */ = {isa = PBXFileReference; fileEncoding = 4; lastKnownFileType = sourcecode.c.h; path = SDL_platform.h; sourceTree = "<group>"; };
		55FEA4A72C1DBCC800F9DCAC /* SDL_power.h */ = {isa = PBXFileReference; fileEncoding = 4; lastKnownFileType = sourcecode.c.h; path = SDL_power.h; sourceTree = "<group>"; };
		55FEA4A82C1DBCC800F9DCAC /* SDL_quit.h */ = {isa = PBXFileReference; fileEncoding = 4; lastKnownFileType = sourcecode.c.h; path = SDL_quit.h; sourceTree = "<group>"; };
		55FEA4A92C1DBCC800F9DCAC /* SDL_rect.h */ = {isa = PBXFileReference; fileEncoding = 4; lastKnownFileType = sourcecode.c.h; path = SDL_rect.h; sourceTree = "<group>"; };
		55FEA4AA2C1DBCC800F9DCAC /* SDL_render.h */ = {isa = PBXFileReference; fileEncoding = 4; lastKnownFileType = sourcecode.c.h; path = SDL_render.h; sourceTree = "<group>"; };
		55FEA4AB2C1DBCC800F9DCAC /* SDL_revision.h */ = {isa = PBXFileReference; fileEncoding = 4; lastKnownFileType = sourcecode.c.h; path = SDL_revision.h; sourceTree = "<group>"; };
		55FEA4AC2C1DBCC800F9DCAC /* SDL_rwops.h */ = {isa = PBXFileReference; fileEncoding = 4; lastKnownFileType = sourcecode.c.h; path = SDL_rwops.h; sourceTree = "<group>"; };
		55FEA4AD2C1DBCC800F9DCAC /* SDL_scancode.h */ = {isa = PBXFileReference; fileEncoding = 4; lastKnownFileType = sourcecode.c.h; path = SDL_scancode.h; sourceTree = "<group>"; };
		55FEA4AE2C1DBCC800F9DCAC /* SDL_sensor.h */ = {isa = PBXFileReference; fileEncoding = 4; lastKnownFileType = sourcecode.c.h; path = SDL_sensor.h; sourceTree = "<group>"; };
		55FEA4AF2C1DBCC800F9DCAC /* SDL_shape.h */ = {isa = PBXFileReference; fileEncoding = 4; lastKnownFileType = sourcecode.c.h; path = SDL_shape.h; sourceTree = "<group>"; };
		55FEA4B02C1DBCC800F9DCAC /* SDL_stdinc.h */ = {isa = PBXFileReference; fileEncoding = 4; lastKnownFileType = sourcecode.c.h; path = SDL_stdinc.h; sourceTree = "<group>"; };
		55FEA4B12C1DBCC800F9DCAC /* SDL_surface.h */ = {isa = PBXFileReference; fileEncoding = 4; lastKnownFileType = sourcecode.c.h; path = SDL_surface.h; sourceTree = "<group>"; };
		55FEA4B22C1DBCC800F9DCAC /* SDL_system.h */ = {isa = PBXFileReference; fileEncoding = 4; lastKnownFileType = sourcecode.c.h; path = SDL_system.h; sourceTree = "<group>"; };
		55FEA4B32C1DBCC800F9DCAC /* SDL_syswm.h */ = {isa = PBXFileReference; fileEncoding = 4; lastKnownFileType = sourcecode.c.h; path = SDL_syswm.h; sourceTree = "<group>"; };
		55FEA4B42C1DBCC800F9DCAC /* SDL_thread.h */ = {isa = PBXFileReference; fileEncoding = 4; lastKnownFileType = sourcecode.c.h; path = SDL_thread.h; sourceTree = "<group>"; };
		55FEA4B52C1DBCC800F9DCAC /* SDL_timer.h */ = {isa = PBXFileReference; fileEncoding = 4; lastKnownFileType = sourcecode.c.h; path = SDL_timer.h; sourceTree = "<group>"; };
		55FEA4B62C1DBCC800F9DCAC /* SDL_touch.h */ = {isa = PBXFileReference; fileEncoding = 4; lastKnownFileType = sourcecode.c.h; path = SDL_touch.h; sourceTree = "<group>"; };
		55FEA4B72C1DBCC800F9DCAC /* SDL_types.h */ = {isa = PBXFileReference; fileEncoding = 4; lastKnownFileType = sourcecode.c.h; path = SDL_types.h; sourceTree = "<group>"; };
		55FEA4B82C1DBCC800F9DCAC /* SDL_version.h */ = {isa = PBXFileReference; fileEncoding = 4; lastKnownFileType = sourcecode.c.h; path = SDL_version.h; sourceTree = "<group>"; };
		55FEA4B92C1DBCC800F9DCAC /* SDL_video.h */ = {isa = PBXFileReference; fileEncoding = 4; lastKnownFileType = sourcecode.c.h; path = SDL_video.h; sourceTree = "<group>"; };
		55FEA4BA2C1DBCC800F9DCAC /* SDL_vulkan.h */ = {isa = PBXFileReference; fileEncoding = 4; lastKnownFileType = sourcecode.c.h; path = SDL_vulkan.h; sourceTree = "<group>"; };
		55FEA4BB2C1DBCC800F9DCAC /* SDL.h */ = {isa = PBXFileReference; fileEncoding = 4; lastKnownFileType = sourcecode.c.h; path = SDL.h; sourceTree = "<group>"; };
		55FEA4BE2C1DBCC800F9DCAC /* Map.h */ = {isa = PBXFileReference; fileEncoding = 4; lastKnownFileType = sourcecode.c.h; path = Map.h; sourceTree = SOURCE_ROOT; };
		55FEA4C42C1DBCC800F9DCAC /* Map.cpp */ = {isa = PBXFileReference; fileEncoding = 4; lastKnownFileType = sourcecode.cpp.cpp; path = Map.cpp; sourceTree = SOURCE_ROOT; };
		55FEA4C72C1DBCC800F9DCAC /* Player.hpp */ = {isa = PBXFileReference; fileEncoding = 4; lastKnownFileType = sourcecode.cpp.h; path = Player.hpp; sourceTree = SOURCE_ROOT; };
		55FEA4C82C1DBCC800F9DCAC /* Texture.cpp */ = {isa = PBXFileReference; fileEncoding = 4; lastKnownFileType = sourcecode.cpp.cpp; path = Texture.cpp; sourceTree = SOURCE_ROOT; };
		55FEA4CA2C1DBCC800F9DCAC /* DataTypes.hpp */ = {isa = PBXFileReference; fileEncoding = 4; lastKnownFileType = sourcecode.cpp.h; path = DataTypes.hpp; sourceTree = SOURCE_ROOT; };
		55FEA4CD2C1DBCC800F9DCAC /* WADLoader.hpp */ = {isa = PBXFileReference; fileEncoding = 4; lastKnownFileType = sourcecode.cpp.h; path = WADLoader.hpp; sourceTree = SOURCE_ROOT; };
		55FEA5EB2C1DBDC200F9DCAC /* CoreGraphics.framework */ = {isa = PBXFileReference; lastKnownFileType = wrapper.framework; name = CoreGraphics.framework; path = System/Library/Frameworks/CoreGraphics.framework; sourceTree = SDKROOT; };
		55FEA5EC2C1DBDC200F9DCAC /* CoreVideo.framework */ = {isa = PBXFileReference; lastKnownFileType = wrapper.framework; name = CoreVideo.framework; path = System/Library/Frameworks/CoreVideo.framework; sourceTree = SDKROOT; };
		55FEA5ED2C1DBDC200F9DCAC /* ForceFeedback.framework */ = {isa = PBXFileReference; lastKnownFileType = wrapper.framework; name = ForceFeedback.framework; path = System/Library/Frameworks/ForceFeedback.framework; sourceTree = SDKROOT; };
		55FEA5EE2C1DBDC200F9DCAC /* IOKit.framework */ = {isa = PBXFileReference; lastKnownFileType = wrapper.framework; name = IOKit.framework; path = System/Library/Frameworks/IOKit.framework; sourceTree = SDKROOT; };
		55FEA5EF2C1DBDC200F9DCAC /* GameController.framework */ = {isa = PBXFileReference; lastKnownFileType = wrapper.framework; name = GameController.framework; path = System/Library/Frameworks/GameController.framework; sourceTree = SDKROOT; };
		55FEA5F02C1DBDC200F9DCAC /* CoreAudio.framework */ = {isa = PBXFileReference; lastKnownFileType = wrapper.framework; name = CoreAudio.framework; path = System/Library/Frameworks/CoreAudio.framework; sourceTree = SDKROOT; };
		55FEA5F12C1DBDC200F9DCAC /* Carbon.framework */ = {isa = PBXFileReference; lastKnownFileType = wrapper.framework; name = Carbon.framework; path = System/Library/Frameworks/Carbon.framework; sourceTree = SDKROOT; };
		55FEA5F22C1DBDC200F9DCAC /* CoreHaptics.framework */ = {isa = PBXFileReference; lastKnownFileType = wrapper.framework; name = CoreHaptics.framework; path = System/Library/Frameworks/CoreHaptics.framework; sourceTree = SDKROOT; };
		55FEA5F32C1DBDC200F9DCAC /* MetalKit.framework */ = {isa = PBXFileReference; lastKnownFileType = wrapper.framework; name = MetalKit.framework; path = System/Library/Frameworks/MetalKit.framework; sourceTree = SDKROOT; };
		55FEA5F42C1DBDC200F9DCAC /* Metal.framework */ = {isa = PBXFileReference; lastKnownFileType = wrapper.framework; name = Metal.framework; path = System/Library/Frameworks/Metal.framework; sourceTree = SDKROOT; };
		55FEA5F52C1DBDC200F9DCAC /* CoreAudioKit.framework */ = {isa = PBXFileReference; lastKnownFileType = wrapper.framework; name = CoreAudioKit.framework; path = System/Library/Frameworks/CoreAudioKit.framework; sourceTree = SDKROOT; };
		55FEA5F62C1DBDC200F9DCAC /* libobjc.tbd */ = {isa = PBXFileReference; lastKnownFileType = "sourcecode.text-based-dylib-definition"; name = libobjc.tbd; path = usr/lib/libobjc.tbd; sourceTree = SDKROOT; };
		55FEA5F72C1DBDC200F9DCAC /* Cocoa.framework */ = {isa = PBXFileReference; lastKnownFileType = wrapper.framework; name = Cocoa.framework; path = System/Library/Frameworks/Cocoa.framework; sourceTree = SDKROOT; };
		55FEA5F82C1DBDC200F9DCAC /* AudioUnit.framework */ = {isa = PBXFileReference; lastKnownFileType = wrapper.framework; name = AudioUnit.framework; path = System/Library/Frameworks/AudioUnit.framework; sourceTree = SDKROOT; };
		55FEA5F92C1DBDC200F9DCAC /* AudioToolbox.framework */ = {isa = PBXFileReference; lastKnownFileType = wrapper.framework; name = AudioToolbox.framework; path = System/Library/Frameworks/AudioToolbox.framework; sourceTree = SDKROOT; };
/* End PBXFileReference section */

/* Begin PBXFrameworksBuildPhase section */
		55FEA45D2C1DBCB400F9DCAC /* Frameworks */ = {
			isa = PBXFrameworksBuildPhase;
			buildActionMask = 2147483647;
			files = (
				55FEA6082C1DBDE500F9DCAC /* AudioToolbox.framework in Frameworks */,
				55FEA6092C1DBDE500F9DCAC /* IOKit.framework in Frameworks */,
				55FEA60A2C1DBDE500F9DCAC /* ForceFeedback.framework in Frameworks */,
				55FEA60B2C1DBDE500F9DCAC /* AudioUnit.framework in Frameworks */,
				55FEA60C2C1DBDE500F9DCAC /* Cocoa.framework in Frameworks */,
				55FEA6162C1DBDF600F9DCAC /* libSDL2.a in Frameworks */,
				55FEA60D2C1DBDE500F9DCAC /* CoreGraphics.framework in Frameworks */,
				55FEA60E2C1DBDE500F9DCAC /* CoreHaptics.framework in Frameworks */,
				55FEA60F2C1DBDE500F9DCAC /* Metal.framework in Frameworks */,
				55FEA6102C1DBDE500F9DCAC /* Carbon.framework in Frameworks */,
				55FEA6112C1DBDE500F9DCAC /* MetalKit.framework in Frameworks */,
				55FEA6122C1DBDE500F9DCAC /* CoreAudioKit.framework in Frameworks */,
				55FEA6132C1DBDE500F9DCAC /* CoreAudio.framework in Frameworks */,
				55FEA6142C1DBDE500F9DCAC /* CoreVideo.framework in Frameworks */,
				55FEA6152C1DBDE500F9DCAC /* GameController.framework in Frameworks */,
			);
			runOnlyForDeploymentPostprocessing = 0;
		};
/* End PBXFrameworksBuildPhase section */

/* Begin PBXGroup section */
		55FEA4572C1DBCB400F9DCAC = {
			isa = PBXGroup;
			children = (
				55E6BDF22C1E2B3600FA2E64 /* DIYDoom.cpp */,
				55FEA4CA2C1DBCC800F9DCAC /* DataTypes.hpp */,
				55FEA4C72C1DBCC800F9DCAC /* Player.hpp */,
				55FEA4CD2C1DBCC800F9DCAC /* WADLoader.hpp */,
				550FCA3A2C1FA00E00FDF6B7 /* Flat.hpp */,
				55FEA4752C1DBCC800F9DCAC /* Patch.cpp */,
				55FEA46A2C1DBCC800F9DCAC /* Patch.h */,
				55FEA4C82C1DBCC800F9DCAC /* Texture.cpp */,
				55FEA4762C1DBCC800F9DCAC /* Texture.h */,
				55FEA46D2C1DBCC800F9DCAC /* DoomEngine.cpp */,
				55FEA46F2C1DBCC800F9DCAC /* DoomEngine.h */,
				55FEA4C42C1DBCC800F9DCAC /* Map.cpp */,
				55FEA4BE2C1DBCC800F9DCAC /* Map.h */,
				55FEA4782C1DBCC800F9DCAC /* ViewRenderer.cpp */,
				55FEA4732C1DBCC800F9DCAC /* ViewRenderer.h */,
				55FEA4BC2C1DBCC800F9DCAC /* SDL2 */,
				55FEA4612C1DBCB400F9DCAC /* Products */,
				55FEA5EA2C1DBDC200F9DCAC /* Frameworks */,
			);
			sourceTree = "<group>";
		};
		55FEA4612C1DBCB400F9DCAC /* Products */ = {
			isa = PBXGroup;
			children = (
				55FEA4602C1DBCB400F9DCAC /* DIYDoom */,
			);
			name = Products;
			sourceTree = "<group>";
		};
		55FEA4BC2C1DBCC800F9DCAC /* SDL2 */ = {
			isa = PBXGroup;
			children = (
				55FEA4792C1DBCC800F9DCAC /* begin_code.h */,
				55FEA47A2C1DBCC800F9DCAC /* close_code.h */,
				55FEA47B2C1DBCC800F9DCAC /* libSDL2.a */,
				55FEA47C2C1DBCC800F9DCAC /* SDL_assert.h */,
				55FEA47D2C1DBCC800F9DCAC /* SDL_atomic.h */,
				55FEA47E2C1DBCC800F9DCAC /* SDL_audio.h */,
				55FEA47F2C1DBCC800F9DCAC /* SDL_bits.h */,
				55FEA4802C1DBCC800F9DCAC /* SDL_blendmode.h */,
				55FEA4812C1DBCC800F9DCAC /* SDL_clipboard.h */,
				55FEA4822C1DBCC800F9DCAC /* SDL_config_macosx.h */,
				55FEA4832C1DBCC800F9DCAC /* SDL_config.h */,
				55FEA4842C1DBCC800F9DCAC /* SDL_copying.h */,
				55FEA4852C1DBCC800F9DCAC /* SDL_cpuinfo.h */,
				55FEA4862C1DBCC800F9DCAC /* SDL_endian.h */,
				55FEA4872C1DBCC800F9DCAC /* SDL_error.h */,
				55FEA4882C1DBCC800F9DCAC /* SDL_events.h */,
				55FEA4892C1DBCC800F9DCAC /* SDL_filesystem.h */,
				55FEA48A2C1DBCC800F9DCAC /* SDL_gamecontroller.h */,
				55FEA48B2C1DBCC800F9DCAC /* SDL_gesture.h */,
				55FEA48C2C1DBCC800F9DCAC /* SDL_guid.h */,
				55FEA48D2C1DBCC800F9DCAC /* SDL_haptic.h */,
				55FEA48E2C1DBCC800F9DCAC /* SDL_hidapi.h */,
				55FEA48F2C1DBCC800F9DCAC /* SDL_hints.h */,
				55FEA4902C1DBCC800F9DCAC /* SDL_joystick.h */,
				55FEA4912C1DBCC800F9DCAC /* SDL_keyboard.h */,
				55FEA4922C1DBCC800F9DCAC /* SDL_keycode.h */,
				55FEA4932C1DBCC800F9DCAC /* SDL_loadso.h */,
				55FEA4942C1DBCC800F9DCAC /* SDL_locale.h */,
				55FEA4952C1DBCC800F9DCAC /* SDL_log.h */,
				55FEA4962C1DBCC800F9DCAC /* SDL_main.h */,
				55FEA4972C1DBCC800F9DCAC /* SDL_messagebox.h */,
				55FEA4982C1DBCC800F9DCAC /* SDL_metal.h */,
				55FEA4992C1DBCC800F9DCAC /* SDL_misc.h */,
				55FEA49A2C1DBCC800F9DCAC /* SDL_mouse.h */,
				55FEA49B2C1DBCC800F9DCAC /* SDL_mutex.h */,
				55FEA49C2C1DBCC800F9DCAC /* SDL_name.h */,
				55FEA49D2C1DBCC800F9DCAC /* SDL_opengl_glext.h */,
				55FEA49E2C1DBCC800F9DCAC /* SDL_opengl.h */,
				55FEA49F2C1DBCC800F9DCAC /* SDL_opengles.h */,
				55FEA4A02C1DBCC800F9DCAC /* SDL_opengles2_gl2.h */,
				55FEA4A12C1DBCC800F9DCAC /* SDL_opengles2_gl2ext.h */,
				55FEA4A22C1DBCC800F9DCAC /* SDL_opengles2_gl2platform.h */,
				55FEA4A32C1DBCC800F9DCAC /* SDL_opengles2_khrplatform.h */,
				55FEA4A42C1DBCC800F9DCAC /* SDL_opengles2.h */,
				55FEA4A52C1DBCC800F9DCAC /* SDL_pixels.h */,
				55FEA4A62C1DBCC800F9DCAC /* SDL_platform.h */,
				55FEA4A72C1DBCC800F9DCAC /* SDL_power.h */,
				55FEA4A82C1DBCC800F9DCAC /* SDL_quit.h */,
				55FEA4A92C1DBCC800F9DCAC /* SDL_rect.h */,
				55FEA4AA2C1DBCC800F9DCAC /* SDL_render.h */,
				55FEA4AB2C1DBCC800F9DCAC /* SDL_revision.h */,
				55FEA4AC2C1DBCC800F9DCAC /* SDL_rwops.h */,
				55FEA4AD2C1DBCC800F9DCAC /* SDL_scancode.h */,
				55FEA4AE2C1DBCC800F9DCAC /* SDL_sensor.h */,
				55FEA4AF2C1DBCC800F9DCAC /* SDL_shape.h */,
				55FEA4B02C1DBCC800F9DCAC /* SDL_stdinc.h */,
				55FEA4B12C1DBCC800F9DCAC /* SDL_surface.h */,
				55FEA4B22C1DBCC800F9DCAC /* SDL_system.h */,
				55FEA4B32C1DBCC800F9DCAC /* SDL_syswm.h */,
				55FEA4B42C1DBCC800F9DCAC /* SDL_thread.h */,
				55FEA4B52C1DBCC800F9DCAC /* SDL_timer.h */,
				55FEA4B62C1DBCC800F9DCAC /* SDL_touch.h */,
				55FEA4B72C1DBCC800F9DCAC /* SDL_types.h */,
				55FEA4B82C1DBCC800F9DCAC /* SDL_version.h */,
				55FEA4B92C1DBCC800F9DCAC /* SDL_video.h */,
				55FEA4BA2C1DBCC800F9DCAC /* SDL_vulkan.h */,
				55FEA4BB2C1DBCC800F9DCAC /* SDL.h */,
			);
			path = SDL2;
			sourceTree = SOURCE_ROOT;
		};
		55FEA5EA2C1DBDC200F9DCAC /* Frameworks */ = {
			isa = PBXGroup;
			children = (
				55FEA5F92C1DBDC200F9DCAC /* AudioToolbox.framework */,
				55FEA5F82C1DBDC200F9DCAC /* AudioUnit.framework */,
				55FEA5F12C1DBDC200F9DCAC /* Carbon.framework */,
				55FEA5F72C1DBDC200F9DCAC /* Cocoa.framework */,
				55FEA5F02C1DBDC200F9DCAC /* CoreAudio.framework */,
				55FEA5F52C1DBDC200F9DCAC /* CoreAudioKit.framework */,
				55FEA5EB2C1DBDC200F9DCAC /* CoreGraphics.framework */,
				55FEA5F22C1DBDC200F9DCAC /* CoreHaptics.framework */,
				55FEA5EC2C1DBDC200F9DCAC /* CoreVideo.framework */,
				55FEA5ED2C1DBDC200F9DCAC /* ForceFeedback.framework */,
				55FEA5EF2C1DBDC200F9DCAC /* GameController.framework */,
				55FEA5EE2C1DBDC200F9DCAC /* IOKit.framework */,
				55FEA5F62C1DBDC200F9DCAC /* libobjc.tbd */,
				55FEA5F42C1DBDC200F9DCAC /* Metal.framework */,
				55FEA5F32C1DBDC200F9DCAC /* MetalKit.framework */,
			);
			name = Frameworks;
			sourceTree = "<group>";
		};
/* End PBXGroup section */

/* Begin PBXNativeTarget section */
		55FEA45F2C1DBCB400F9DCAC /* DIYDoom */ = {
			isa = PBXNativeTarget;
			buildConfigurationList = 55FEA4672C1DBCB400F9DCAC /* Build configuration list for PBXNativeTarget "DIYDoom" */;
			buildPhases = (
				55FEA45C2C1DBCB400F9DCAC /* Sources */,
				55FEA45D2C1DBCB400F9DCAC /* Frameworks */,
				55FEA45E2C1DBCB400F9DCAC /* CopyFiles */,
			);
			buildRules = (
			);
			dependencies = (
			);
			name = DIYDoom;
			productName = DIYDoom;
			productReference = 55FEA4602C1DBCB400F9DCAC /* DIYDoom */;
			productType = "com.apple.product-type.tool";
		};
/* End PBXNativeTarget section */

/* Begin PBXProject section */
		55FEA4582C1DBCB400F9DCAC /* Project object */ = {
			isa = PBXProject;
			attributes = {
				BuildIndependentTargetsInParallel = 1;
				LastUpgradeCheck = 1540;
				TargetAttributes = {
					55FEA45F2C1DBCB400F9DCAC = {
						CreatedOnToolsVersion = 15.4;
					};
				};
			};
			buildConfigurationList = 55FEA45B2C1DBCB400F9DCAC /* Build configuration list for PBXProject "DIYDoom" */;
			compatibilityVersion = "Xcode 14.0";
			developmentRegion = en;
			hasScannedForEncodings = 0;
			knownRegions = (
				en,
				Base,
			);
			mainGroup = 55FEA4572C1DBCB400F9DCAC;
			productRefGroup = 55FEA4612C1DBCB400F9DCAC /* Products */;
			projectDirPath = "";
			projectRoot = "";
			targets = (
				55FEA45F2C1DBCB400F9DCAC /* DIYDoom */,
			);
		};
/* End PBXProject section */

/* Begin PBXSourcesBuildPhase section */
		55FEA45C2C1DBCB400F9DCAC /* Sources */ = {
			isa = PBXSourcesBuildPhase;
			buildActionMask = 2147483647;
			files = (
				55FEA4D02C1DBCC800F9DCAC /* DoomEngine.cpp in Sources */,
				55E6BDF32C1E2B3600FA2E64 /* DIYDoom.cpp in Sources */,
				55FEA4D32C1DBCC800F9DCAC /* ViewRenderer.cpp in Sources */,
				55FEA4D22C1DBCC800F9DCAC /* Patch.cpp in Sources */,
				55FEA4DB2C1DBCC800F9DCAC /* Texture.cpp in Sources */,
				55FEA4DA2C1DBCC800F9DCAC /* Map.cpp in Sources */,
			);
			runOnlyForDeploymentPostprocessing = 0;
		};
/* End PBXSourcesBuildPhase section */

/* Begin XCBuildConfiguration section */
		55FEA4652C1DBCB400F9DCAC /* Debug */ = {
			isa = XCBuildConfiguration;
			buildSettings = {
				ALWAYS_SEARCH_USER_PATHS = NO;
				ASSETCATALOG_COMPILER_GENERATE_SWIFT_ASSET_SYMBOL_EXTENSIONS = YES;
				CLANG_ANALYZER_NONNULL = YES;
				CLANG_ANALYZER_NUMBER_OBJECT_CONVERSION = YES_AGGRESSIVE;
				CLANG_CXX_LANGUAGE_STANDARD = "c++17";
				CLANG_ENABLE_MODULES = YES;
				CLANG_ENABLE_OBJC_ARC = YES;
				CLANG_ENABLE_OBJC_WEAK = YES;
				CLANG_WARN_BLOCK_CAPTURE_AUTORELEASING = YES;
				CLANG_WARN_BOOL_CONVERSION = YES;
				CLANG_WARN_COMMA = YES;
				CLANG_WARN_CONSTANT_CONVERSION = YES;
				CLANG_WARN_DEPRECATED_OBJC_IMPLEMENTATIONS = YES;
				CLANG_WARN_DIRECT_OBJC_ISA_USAGE = YES_ERROR;
				CLANG_WARN_DOCUMENTATION_COMMENTS = YES;
				CLANG_WARN_EMPTY_BODY = YES;
				CLANG_WARN_ENUM_CONVERSION = YES;
				CLANG_WARN_INFINITE_RECURSION = YES;
				CLANG_WARN_INT_CONVERSION = YES;
				CLANG_WARN_NON_LITERAL_NULL_CONVERSION = YES;
				CLANG_WARN_OBJC_IMPLICIT_RETAIN_SELF = YES;
				CLANG_WARN_OBJC_LITERAL_CONVERSION = YES;
				CLANG_WARN_OBJC_ROOT_CLASS = YES_ERROR;
				CLANG_WARN_QUOTED_INCLUDE_IN_FRAMEWORK_HEADER = YES;
				CLANG_WARN_RANGE_LOOP_ANALYSIS = YES;
				CLANG_WARN_STRICT_PROTOTYPES = YES;
				CLANG_WARN_SUSPICIOUS_MOVE = YES;
				CLANG_WARN_UNGUARDED_AVAILABILITY = YES_AGGRESSIVE;
				CLANG_WARN_UNREACHABLE_CODE = YES;
				CLANG_WARN__DUPLICATE_METHOD_MATCH = YES;
				COPY_PHASE_STRIP = NO;
				DEBUG_INFORMATION_FORMAT = dwarf;
				ENABLE_STRICT_OBJC_MSGSEND = YES;
				ENABLE_TESTABILITY = YES;
				ENABLE_USER_SCRIPT_SANDBOXING = YES;
				GCC_C_LANGUAGE_STANDARD = gnu17;
				GCC_DYNAMIC_NO_PIC = NO;
				GCC_NO_COMMON_BLOCKS = YES;
				GCC_OPTIMIZATION_LEVEL = 0;
				GCC_PREPROCESSOR_DEFINITIONS = (
					"DEBUG=1",
					"$(inherited)",
				);
				GCC_WARN_64_TO_32_BIT_CONVERSION = YES;
				GCC_WARN_ABOUT_RETURN_TYPE = YES_ERROR;
				GCC_WARN_UNDECLARED_SELECTOR = YES;
				GCC_WARN_UNINITIALIZED_AUTOS = YES_AGGRESSIVE;
				GCC_WARN_UNUSED_FUNCTION = YES;
				GCC_WARN_UNUSED_VARIABLE = YES;
				LOCALIZATION_PREFERS_STRING_CATALOGS = YES;
				MACOSX_DEPLOYMENT_TARGET = 14.5;
				MTL_ENABLE_DEBUG_INFO = INCLUDE_SOURCE;
				MTL_FAST_MATH = YES;
				ONLY_ACTIVE_ARCH = YES;
				SDKROOT = macosx;
			};
			name = Debug;
		};
		55FEA4662C1DBCB400F9DCAC /* Release */ = {
			isa = XCBuildConfiguration;
			buildSettings = {
				ALWAYS_SEARCH_USER_PATHS = NO;
				ASSETCATALOG_COMPILER_GENERATE_SWIFT_ASSET_SYMBOL_EXTENSIONS = YES;
				CLANG_ANALYZER_NONNULL = YES;
				CLANG_ANALYZER_NUMBER_OBJECT_CONVERSION = YES_AGGRESSIVE;
				CLANG_CXX_LANGUAGE_STANDARD = "c++17";
				CLANG_ENABLE_MODULES = YES;
				CLANG_ENABLE_OBJC_ARC = YES;
				CLANG_ENABLE_OBJC_WEAK = YES;
				CLANG_WARN_BLOCK_CAPTURE_AUTORELEASING = YES;
				CLANG_WARN_BOOL_CONVERSION = YES;
				CLANG_WARN_COMMA = YES;
				CLANG_WARN_CONSTANT_CONVERSION = YES;
				CLANG_WARN_DEPRECATED_OBJC_IMPLEMENTATIONS = YES;
				CLANG_WARN_DIRECT_OBJC_ISA_USAGE = YES_ERROR;
				CLANG_WARN_DOCUMENTATION_COMMENTS = YES;
				CLANG_WARN_EMPTY_BODY = YES;
				CLANG_WARN_ENUM_CONVERSION = YES;
				CLANG_WARN_INFINITE_RECURSION = YES;
				CLANG_WARN_INT_CONVERSION = YES;
				CLANG_WARN_NON_LITERAL_NULL_CONVERSION = YES;
				CLANG_WARN_OBJC_IMPLICIT_RETAIN_SELF = YES;
				CLANG_WARN_OBJC_LITERAL_CONVERSION = YES;
				CLANG_WARN_OBJC_ROOT_CLASS = YES_ERROR;
				CLANG_WARN_QUOTED_INCLUDE_IN_FRAMEWORK_HEADER = YES;
				CLANG_WARN_RANGE_LOOP_ANALYSIS = YES;
				CLANG_WARN_STRICT_PROTOTYPES = YES;
				CLANG_WARN_SUSPICIOUS_MOVE = YES;
				CLANG_WARN_UNGUARDED_AVAILABILITY = YES_AGGRESSIVE;
				CLANG_WARN_UNREACHABLE_CODE = YES;
				CLANG_WARN__DUPLICATE_METHOD_MATCH = YES;
				COPY_PHASE_STRIP = NO;
				DEBUG_INFORMATION_FORMAT = "dwarf-with-dsym";
				ENABLE_NS_ASSERTIONS = NO;
				ENABLE_STRICT_OBJC_MSGSEND = YES;
				ENABLE_USER_SCRIPT_SANDBOXING = YES;
				GCC_C_LANGUAGE_STANDARD = gnu17;
				GCC_NO_COMMON_BLOCKS = YES;
				GCC_WARN_64_TO_32_BIT_CONVERSION = YES;
				GCC_WARN_ABOUT_RETURN_TYPE = YES_ERROR;
				GCC_WARN_UNDECLARED_SELECTOR = YES;
				GCC_WARN_UNINITIALIZED_AUTOS = YES_AGGRESSIVE;
				GCC_WARN_UNUSED_FUNCTION = YES;
				GCC_WARN_UNUSED_VARIABLE = YES;
				LOCALIZATION_PREFERS_STRING_CATALOGS = YES;
				MACOSX_DEPLOYMENT_TARGET = 14.5;
				MTL_ENABLE_DEBUG_INFO = NO;
				MTL_FAST_MATH = YES;
				SDKROOT = macosx;
			};
			name = Release;
		};
		55FEA4682C1DBCB400F9DCAC /* Debug */ = {
			isa = XCBuildConfiguration;
			buildSettings = {
				CODE_SIGN_STYLE = Automatic;
				DEVELOPMENT_TEAM = ZTMS6M322L;
				ENABLE_HARDENED_RUNTIME = YES;
				HEADER_SEARCH_PATHS = (
					"$(PROJECT_DIR)/SDL2",
					"$(PROJECT_DIR)",
				);
				LIBRARY_SEARCH_PATHS = (
					"$(inherited)",
					"$(PROJECT_DIR)/SDL2",
				);
				MACOSX_DEPLOYMENT_TARGET = 10.13;
				PRODUCT_NAME = "$(TARGET_NAME)";
			};
			name = Debug;
		};
		55FEA4692C1DBCB400F9DCAC /* Release */ = {
			isa = XCBuildConfiguration;
			buildSettings = {
				CODE_SIGN_STYLE = Automatic;
				DEVELOPMENT_TEAM = ZTMS6M322L;
				ENABLE_HARDENED_RUNTIME = YES;
				HEADER_SEARCH_PATHS = (
					"$(PROJECT_DIR)/SDL2",
					"$(PROJECT_DIR)",
				);
				LIBRARY_SEARCH_PATHS = (
					"$(inherited)",
					"$(PROJECT_DIR)/SDL2",
				);
				MACOSX_DEPLOYMENT_TARGET = 10.13;
				PRODUCT_NAME = "$(TARGET_NAME)";
			};
			name = Release;
		};
/* End XCBuildConfiguration section */

/* Begin XCConfigurationList section */
		55FEA45B2C1DBCB400F9DCAC /* Build configuration list for PBXProject "DIYDoom" */ = {
			isa = XCConfigurationList;
			buildConfigurations = (
				55FEA4652C1DBCB400F9DCAC /* Debug */,
				55FEA4662C1DBCB400F9DCAC /* Release */,
			);
			defaultConfigurationIsVisible = 0;
			defaultConfigurationName = Release;
		};
		55FEA4672C1DBCB400F9DCAC /* Build configuration list for PBXNativeTarget "DIYDoom" */ = {
			isa = XCConfigurationList;
			buildConfigurations = (
				55FEA4682C1DBCB400F9DCAC /* Debug */,
				55FEA4692C1DBCB400F9DCAC /* Release */,
			);
			defaultConfigurationIsVisible = 0;
			defaultConfigurationName = Release;
		};
/* End XCConfigurationList section */
	};
	rootObject = 55FEA4582C1DBCB400F9DCAC /* Project object */;
}
